
Microsoft Visual Studio Solution File, Format Version 12.00
# Visual Studio Version 17
VisualStudioVersion = 17.6.33723.286
MinimumVisualStudioVersion = 10.0.40219.1
Project("{9A19103F-16F7-4668-BE54-9A1E7A4F7556}") = "UsersAPI.Services", "UsersAPI.Services\UsersAPI.Services.csproj", "{A862BA3B-038D-4F93-8963-91ABB15B4CD1}"
EndProject
Project("{2150E333-8FDC-42A3-9474-1A3956D46DE8}") = "API", "API", "{1B2D422D-3012-4489-A5A0-E5C244B0C7F8}"
EndProject
Project("{2150E333-8FDC-42A3-9474-1A3956D46DE8}") = "DDD", "DDD", "{CD97CEAA-26BD-43E2-96F5-2EF26D39FD66}"
EndProject
Project("{2150E333-8FDC-42A3-9474-1A3956D46DE8}") = "Tests", "Tests", "{1D529B14-D17A-4190-8A7C-462DBFE9F640}"
EndProject
Project("{2150E333-8FDC-42A3-9474-1A3956D46DE8}") = "Application", "Application", "{0CC231C4-687F-481E-8F5D-1FE96AE2A67E}"
EndProject
Project("{2150E333-8FDC-42A3-9474-1A3956D46DE8}") = "Domain", "Domain", "{C5CB5CF4-05E9-440A-929B-7D1F9EA06574}"
EndProject
Project("{2150E333-8FDC-42A3-9474-1A3956D46DE8}") = "InfraStructure", "InfraStructure", "{0E760F5C-2B3D-4513-B5D2-CC9BBB15C4F2}"
EndProject
Project("{FAE04EC0-301F-11D3-BF4B-00C04F79EFBC}") = "UsersAPI.Application", "UsersAPI.Application\UsersAPI.Application.csproj", "{AA9129A1-B7B5-44E4-9E2D-92DD106C00B6}"
EndProject
Project("{FAE04EC0-301F-11D3-BF4B-00C04F79EFBC}") = "UsersAPI.Domain", "UsersAPI.Domain\UsersAPI.Domain.csproj", "{8BF477DF-44AD-4D06-8557-CCE4B0C20D98}"
EndProject
Project("{FAE04EC0-301F-11D3-BF4B-00C04F79EFBC}") = "UsersAPI.Infra.Data", "UsersAPI.Infra.Data\UsersAPI.Infra.Data.csproj", "{8A041A04-1993-433B-B291-DA989B34E26E}"
EndProject
Project("{FAE04EC0-301F-11D3-BF4B-00C04F79EFBC}") = "UsersAPI.Tests", "UsersAPI.Tests\UsersAPI.Tests.csproj", "{A09DBBC7-941D-47DF-98C0-B169EF2A348D}"
EndProject
Global
	GlobalSection(SolutionConfigurationPlatforms) = preSolution
		Debug|Any CPU = Debug|Any CPU
		Release|Any CPU = Release|Any CPU
	EndGlobalSection
	GlobalSection(ProjectConfigurationPlatforms) = postSolution
		{A862BA3B-038D-4F93-8963-91ABB15B4CD1}.Debug|Any CPU.ActiveCfg = Debug|Any CPU
		{A862BA3B-038D-4F93-8963-91ABB15B4CD1}.Debug|Any CPU.Build.0 = Debug|Any CPU
		{A862BA3B-038D-4F93-8963-91ABB15B4CD1}.Release|Any CPU.ActiveCfg = Release|Any CPU
		{A862BA3B-038D-4F93-8963-91ABB15B4CD1}.Release|Any CPU.Build.0 = Release|Any CPU
		{AA9129A1-B7B5-44E4-9E2D-92DD106C00B6}.Debug|Any CPU.ActiveCfg = Debug|Any CPU
		{AA9129A1-B7B5-44E4-9E2D-92DD106C00B6}.Debug|Any CPU.Build.0 = Debug|Any CPU
		{AA9129A1-B7B5-44E4-9E2D-92DD106C00B6}.Release|Any CPU.ActiveCfg = Release|Any CPU
		{AA9129A1-B7B5-44E4-9E2D-92DD106C00B6}.Release|Any CPU.Build.0 = Release|Any CPU
		{8BF477DF-44AD-4D06-8557-CCE4B0C20D98}.Debug|Any CPU.ActiveCfg = Debug|Any CPU
		{8BF477DF-44AD-4D06-8557-CCE4B0C20D98}.Debug|Any CPU.Build.0 = Debug|Any CPU
		{8BF477DF-44AD-4D06-8557-CCE4B0C20D98}.Release|Any CPU.ActiveCfg = Release|Any CPU
		{8BF477DF-44AD-4D06-8557-CCE4B0C20D98}.Release|Any CPU.Build.0 = Release|Any CPU
		{8A041A04-1993-433B-B291-DA989B34E26E}.Debug|Any CPU.ActiveCfg = Debug|Any CPU
		{8A041A04-1993-433B-B291-DA989B34E26E}.Debug|Any CPU.Build.0 = Debug|Any CPU
		{8A041A04-1993-433B-B291-DA989B34E26E}.Release|Any CPU.ActiveCfg = Release|Any CPU
		{8A041A04-1993-433B-B291-DA989B34E26E}.Release|Any CPU.Build.0 = Release|Any CPU
		{A09DBBC7-941D-47DF-98C0-B169EF2A348D}.Debug|Any CPU.ActiveCfg = Debug|Any CPU
		{A09DBBC7-941D-47DF-98C0-B169EF2A348D}.Debug|Any CPU.Build.0 = Debug|Any CPU
		{A09DBBC7-941D-47DF-98C0-B169EF2A348D}.Release|Any CPU.ActiveCfg = Release|Any CPU
		{A09DBBC7-941D-47DF-98C0-B169EF2A348D}.Release|Any CPU.Build.0 = Release|Any CPU
	EndGlobalSection
	GlobalSection(SolutionProperties) = preSolution
		HideSolutionNode = FALSE
	EndGlobalSection
	GlobalSection(NestedProjects) = preSolution
		{A862BA3B-038D-4F93-8963-91ABB15B4CD1} = {1B2D422D-3012-4489-A5A0-E5C244B0C7F8}
		{0CC231C4-687F-481E-8F5D-1FE96AE2A67E} = {CD97CEAA-26BD-43E2-96F5-2EF26D39FD66}
		{C5CB5CF4-05E9-440A-929B-7D1F9EA06574} = {CD97CEAA-26BD-43E2-96F5-2EF26D39FD66}
		{0E760F5C-2B3D-4513-B5D2-CC9BBB15C4F2} = {CD97CEAA-26BD-43E2-96F5-2EF26D39FD66}
		{AA9129A1-B7B5-44E4-9E2D-92DD106C00B6} = {0CC231C4-687F-481E-8F5D-1FE96AE2A67E}
		{8BF477DF-44AD-4D06-8557-CCE4B0C20D98} = {C5CB5CF4-05E9-440A-929B-7D1F9EA06574}
		{8A041A04-1993-433B-B291-DA989B34E26E} = {0E760F5C-2B3D-4513-B5D2-CC9BBB15C4F2}
		{A09DBBC7-941D-47DF-98C0-B169EF2A348D} = {1D529B14-D17A-4190-8A7C-462DBFE9F640}
	EndGlobalSection
	GlobalSection(ExtensibilityGlobals) = postSolution
		SolutionGuid = {5254E618-67DC-482D-949E-FBADF3D8A9E3}
	EndGlobalSection
EndGlobal
